
Microsoft Visual Studio Solution File, Format Version 12.00
# Visual Studio 15
VisualStudioVersion = 15.0.27703.2035
MinimumVisualStudioVersion = 10.0.40219.1
Project("{FAE04EC0-301F-11D3-BF4B-00C04F79EFBC}") = "Sender", "Sender\Sender.csproj", "{C7ECDF22-5AF4-4EC3-96B6-C080DB9E91EA}"
EndProject
Global
	GlobalSection(SolutionConfigurationPlatforms) = preSolution
		Debug|Any CPU = Debug|Any CPU
		Release|Any CPU = Release|Any CPU
	EndGlobalSection
	GlobalSection(ProjectConfigurationPlatforms) = postSolution
		{C7ECDF22-5AF4-4EC3-96B6-C080DB9E91EA}.Debug|Any CPU.ActiveCfg = Debug|Any CPU
		{C7ECDF22-5AF4-4EC3-96B6-C080DB9E91EA}.Debug|Any CPU.Build.0 = Debug|Any CPU
		{C7ECDF22-5AF4-4EC3-96B6-C080DB9E91EA}.Release|Any CPU.ActiveCfg = Release|Any CPU
		{C7ECDF22-5AF4-4EC3-96B6-C080DB9E91EA}.Release|Any CPU.Build.0 = Release|Any CPU
	EndGlobalSection
	GlobalSection(SolutionProperties) = preSolution
		HideSolutionNode = FALSE
	EndGlobalSection
	GlobalSection(ExtensibilityGlobals) = postSolution
		SolutionGuid = {A615F8D1-4F4A-4E28-BB5C-3A6C6D01F5A5}
	EndGlobalSection
EndGlobal
